
Microsoft Visual Studio Solution File, Format Version 11.00
# Visual Studio 2010
Project("{FAE04EC0-301F-11D3-BF4B-00C04F79EFBC}") = "Snake", "Snake\Snake.csproj", "{0B4B7B85-55D2-497D-87C0-FAA923A56C09}"
EndProject
Global
	GlobalSection(SolutionConfigurationPlatforms) = preSolution
		Debug|x86 = Debug|x86
		Release|x86 = Release|x86
	EndGlobalSection
	GlobalSection(ProjectConfigurationPlatforms) = postSolution
		{0B4B7B85-55D2-497D-87C0-FAA923A56C09}.Debug|x86.ActiveCfg = Debug|x86
		{0B4B7B85-55D2-497D-87C0-FAA923A56C09}.Debug|x86.Build.0 = Debug|x86
		{0B4B7B85-55D2-497D-87C0-FAA923A56C09}.Release|x86.ActiveCfg = Release|x86
		{0B4B7B85-55D2-497D-87C0-FAA923A56C09}.Release|x86.Build.0 = Release|x86
	EndGlobalSection
	GlobalSection(SolutionProperties) = preSolution
		HideSolutionNode = FALSE
	EndGlobalSection
EndGlobal
